
Microsoft Visual Studio Solution File, Format Version 12.00
# Visual Studio Version 16
VisualStudioVersion = 16.0.31424.327
MinimumVisualStudioVersion = 10.0.40219.1
Project("{9A19103F-16F7-4668-BE54-9A1E7A4F7556}") = "BankOrders", "BankOrders.csproj", "{4577D2A5-E6F7-4257-8B95-19E66B56FCDF}"
EndProject
Project("{FAE04EC0-301F-11D3-BF4B-00C04F79EFBC}") = "BankOrders.Test", "..\BankOrders.Test\BankOrders.Test.csproj", "{C5134674-29F8-4F7C-ABE0-5056790E410C}"
EndProject
Global
	GlobalSection(SolutionConfigurationPlatforms) = preSolution
		Debug|Any CPU = Debug|Any CPU
		Release|Any CPU = Release|Any CPU
	EndGlobalSection
	GlobalSection(ProjectConfigurationPlatforms) = postSolution
		{4577D2A5-E6F7-4257-8B95-19E66B56FCDF}.Debug|Any CPU.ActiveCfg = Debug|Any CPU
		{4577D2A5-E6F7-4257-8B95-19E66B56FCDF}.Debug|Any CPU.Build.0 = Debug|Any CPU
		{4577D2A5-E6F7-4257-8B95-19E66B56FCDF}.Release|Any CPU.ActiveCfg = Release|Any CPU
		{4577D2A5-E6F7-4257-8B95-19E66B56FCDF}.Release|Any CPU.Build.0 = Release|Any CPU
		{C5134674-29F8-4F7C-ABE0-5056790E410C}.Debug|Any CPU.ActiveCfg = Debug|Any CPU
		{C5134674-29F8-4F7C-ABE0-5056790E410C}.Debug|Any CPU.Build.0 = Debug|Any CPU
		{C5134674-29F8-4F7C-ABE0-5056790E410C}.Release|Any CPU.ActiveCfg = Release|Any CPU
		{C5134674-29F8-4F7C-ABE0-5056790E410C}.Release|Any CPU.Build.0 = Release|Any CPU
	EndGlobalSection
	GlobalSection(SolutionProperties) = preSolution
		HideSolutionNode = FALSE
	EndGlobalSection
	GlobalSection(ExtensibilityGlobals) = postSolution
		SolutionGuid = {B94A021A-6404-40C0-B5D7-98ACD1728018}
	EndGlobalSection
EndGlobal
